// !$*UTF8*$!
{
	archiveVersion = 1;
	classes = {
	};
	objectVersion = 51;
	objects = {

/* Begin PBXBuildFile section */
		3E253D4F24ADF26D005376A2 /* NoteButton.swift in Sources */ = {isa = PBXBuildFile; fileRef = 3E253D4E24ADF26D005376A2 /* NoteButton.swift */; };
		3E253D5124AE239D005376A2 /* ListTableViewCell.swift in Sources */ = {isa = PBXBuildFile; fileRef = 3E253D5024AE239D005376A2 /* ListTableViewCell.swift */; };
		3E57B5EA24DFD4090020FCF7 /* RecommendedTableViewCell.swift in Sources */ = {isa = PBXBuildFile; fileRef = 3E57B5E924DFD4090020FCF7 /* RecommendedTableViewCell.swift */; };
		3E586F7724CEEA3F00C2A083 /* ImageTableViewCell.swift in Sources */ = {isa = PBXBuildFile; fileRef = 3E586F7624CEEA3F00C2A083 /* ImageTableViewCell.swift */; };
		3E586F7924CEEA6500C2A083 /* SummaryTableViewCell.swift in Sources */ = {isa = PBXBuildFile; fileRef = 3E586F7824CEEA6500C2A083 /* SummaryTableViewCell.swift */; };
		3E586F7B24CEEA9000C2A083 /* RecommenedTableViewCell.swift in Sources */ = {isa = PBXBuildFile; fileRef = 3E586F7A24CEEA9000C2A083 /* RecommenedTableViewCell.swift */; };
		3E586F7D24CEEABA00C2A083 /* AdvertTableViewCell.swift in Sources */ = {isa = PBXBuildFile; fileRef = 3E586F7C24CEEABA00C2A083 /* AdvertTableViewCell.swift */; };
		3E586F7F24CEFF1B00C2A083 /* NoteTableViewCell.swift in Sources */ = {isa = PBXBuildFile; fileRef = 3E586F7E24CEFF1B00C2A083 /* NoteTableViewCell.swift */; };
		3EA4ABBD24954CB0006214F7 /* AppDelegate.swift in Sources */ = {isa = PBXBuildFile; fileRef = 3EA4ABBC24954CB0006214F7 /* AppDelegate.swift */; };
		3EA4ABBF24954CB0006214F7 /* SceneDelegate.swift in Sources */ = {isa = PBXBuildFile; fileRef = 3EA4ABBE24954CB0006214F7 /* SceneDelegate.swift */; };
		3EA4ABC424954CB0006214F7 /* Main.storyboard in Resources */ = {isa = PBXBuildFile; fileRef = 3EA4ABC224954CB0006214F7 /* Main.storyboard */; };
		3EA4ABC724954CB0006214F7 /* PopcornSwirl.xcdatamodeld in Sources */ = {isa = PBXBuildFile; fileRef = 3EA4ABC524954CB0006214F7 /* PopcornSwirl.xcdatamodeld */; };
		3EA4ABC924954CB3006214F7 /* Assets.xcassets in Resources */ = {isa = PBXBuildFile; fileRef = 3EA4ABC824954CB3006214F7 /* Assets.xcassets */; };
		3EA4ABCC24954CB3006214F7 /* LaunchScreen.storyboard in Resources */ = {isa = PBXBuildFile; fileRef = 3EA4ABCA24954CB3006214F7 /* LaunchScreen.storyboard */; };
		3EA4ABD824956F4C006214F7 /* FilmsViewController.swift in Sources */ = {isa = PBXBuildFile; fileRef = 3EA4ABD724956F4C006214F7 /* FilmsViewController.swift */; };
		3EBF888B249BEBC2007C46B2 /* Film.swift in Sources */ = {isa = PBXBuildFile; fileRef = 3EBF888A249BEBC2007C46B2 /* Film.swift */; };
		3EBF888D249BF880007C46B2 /* DataManager.swift in Sources */ = {isa = PBXBuildFile; fileRef = 3EBF888C249BF880007C46B2 /* DataManager.swift */; };
		3EBF888F249BF89A007C46B2 /* MediaService.swift in Sources */ = {isa = PBXBuildFile; fileRef = 3EBF888E249BF89A007C46B2 /* MediaService.swift */; };
		3EBF8891249BFA9D007C46B2 /* FilmCollectionViewCell.swift in Sources */ = {isa = PBXBuildFile; fileRef = 3EBF8890249BFA9D007C46B2 /* FilmCollectionViewCell.swift */; };
		3EBF8893249C003C007C46B2 /* FilmDetailViewController.swift in Sources */ = {isa = PBXBuildFile; fileRef = 3EBF8892249C003C007C46B2 /* FilmDetailViewController.swift */; };
		3EC8CEAF24E67DC90037F1E6 /* DataManagerTestCase.swift in Sources */ = {isa = PBXBuildFile; fileRef = 3EC8CEAE24E67DC90037F1E6 /* DataManagerTestCase.swift */; };
		3EE6AB9A249D6BF10074F19C /* ListTableViewController.swift in Sources */ = {isa = PBXBuildFile; fileRef = 3EE6AB99249D6BF10074F19C /* ListTableViewController.swift */; };
		3EE6AB9E24A0D4BE0074F19C /* ManagedFilm.swift in Sources */ = {isa = PBXBuildFile; fileRef = 3EE6AB9D24A0D4BE0074F19C /* ManagedFilm.swift */; };
		3EE6ABA524A3F7550074F19C /* BookmarkButton.swift in Sources */ = {isa = PBXBuildFile; fileRef = 3EE6ABA424A3F7550074F19C /* BookmarkButton.swift */; };
		3EE6ABA724A3F75F0074F19C /* ViewedButton.swift in Sources */ = {isa = PBXBuildFile; fileRef = 3EE6ABA624A3F75F0074F19C /* ViewedButton.swift */; };
		3EE6ABAA24A3FF090074F19C /* GenreCollectionViewCell.swift in Sources */ = {isa = PBXBuildFile; fileRef = 3EE6ABA924A3FF090074F19C /* GenreCollectionViewCell.swift */; };
		3EE6ABAE24A538FF0074F19C /* AddNoteViewController.swift in Sources */ = {isa = PBXBuildFile; fileRef = 3EE6ABAD24A538FF0074F19C /* AddNoteViewController.swift */; };
		6D7D5E89D95CE41912290DDA /* Pods_PopcornSwirl.framework in Frameworks */ = {isa = PBXBuildFile; fileRef = 28C20516CE3083B6FBCB961A /* Pods_PopcornSwirl.framework */; };
/* End PBXBuildFile section */

/* Begin PBXContainerItemProxy section */
		3EC8CEA924E67D760037F1E6 /* PBXContainerItemProxy */ = {
			isa = PBXContainerItemProxy;
			containerPortal = 3EA4ABB124954CB0006214F7 /* Project object */;
			proxyType = 1;
			remoteGlobalIDString = 3EA4ABB824954CB0006214F7;
			remoteInfo = PopcornSwirl;
		};
/* End PBXContainerItemProxy section */

/* Begin PBXFileReference section */
		28C20516CE3083B6FBCB961A /* Pods_PopcornSwirl.framework */ = {isa = PBXFileReference; explicitFileType = wrapper.framework; includeInIndex = 0; path = Pods_PopcornSwirl.framework; sourceTree = BUILT_PRODUCTS_DIR; };
		39FA29B18F437A38111741C1 /* Pods-PopcornSwirl.release.xcconfig */ = {isa = PBXFileReference; includeInIndex = 1; lastKnownFileType = text.xcconfig; name = "Pods-PopcornSwirl.release.xcconfig"; path = "Target Support Files/Pods-PopcornSwirl/Pods-PopcornSwirl.release.xcconfig"; sourceTree = "<group>"; };
		3E253D4E24ADF26D005376A2 /* NoteButton.swift */ = {isa = PBXFileReference; lastKnownFileType = sourcecode.swift; path = NoteButton.swift; sourceTree = "<group>"; };
		3E253D5024AE239D005376A2 /* ListTableViewCell.swift */ = {isa = PBXFileReference; lastKnownFileType = sourcecode.swift; path = ListTableViewCell.swift; sourceTree = "<group>"; };
		3E57B5E924DFD4090020FCF7 /* RecommendedTableViewCell.swift */ = {isa = PBXFileReference; lastKnownFileType = sourcecode.swift; path = RecommendedTableViewCell.swift; sourceTree = "<group>"; };
		3E586F7624CEEA3F00C2A083 /* ImageTableViewCell.swift */ = {isa = PBXFileReference; lastKnownFileType = sourcecode.swift; path = ImageTableViewCell.swift; sourceTree = "<group>"; };
		3E586F7824CEEA6500C2A083 /* SummaryTableViewCell.swift */ = {isa = PBXFileReference; lastKnownFileType = sourcecode.swift; path = SummaryTableViewCell.swift; sourceTree = "<group>"; };
		3E586F7A24CEEA9000C2A083 /* RecommenedTableViewCell.swift */ = {isa = PBXFileReference; lastKnownFileType = sourcecode.swift; path = RecommenedTableViewCell.swift; sourceTree = "<group>"; };
		3E586F7C24CEEABA00C2A083 /* AdvertTableViewCell.swift */ = {isa = PBXFileReference; lastKnownFileType = sourcecode.swift; path = AdvertTableViewCell.swift; sourceTree = "<group>"; };
		3E586F7E24CEFF1B00C2A083 /* NoteTableViewCell.swift */ = {isa = PBXFileReference; lastKnownFileType = sourcecode.swift; path = NoteTableViewCell.swift; sourceTree = "<group>"; };
		3EA4ABB924954CB0006214F7 /* Popcorn Swirl.app */ = {isa = PBXFileReference; explicitFileType = wrapper.application; includeInIndex = 0; path = "Popcorn Swirl.app"; sourceTree = BUILT_PRODUCTS_DIR; };
		3EA4ABBC24954CB0006214F7 /* AppDelegate.swift */ = {isa = PBXFileReference; lastKnownFileType = sourcecode.swift; path = AppDelegate.swift; sourceTree = "<group>"; };
		3EA4ABBE24954CB0006214F7 /* SceneDelegate.swift */ = {isa = PBXFileReference; lastKnownFileType = sourcecode.swift; path = SceneDelegate.swift; sourceTree = "<group>"; };
		3EA4ABC324954CB0006214F7 /* Base */ = {isa = PBXFileReference; lastKnownFileType = file.storyboard; name = Base; path = Base.lproj/Main.storyboard; sourceTree = "<group>"; };
		3EA4ABC624954CB0006214F7 /* PopcornSwirl.xcdatamodel */ = {isa = PBXFileReference; lastKnownFileType = wrapper.xcdatamodel; path = PopcornSwirl.xcdatamodel; sourceTree = "<group>"; };
		3EA4ABC824954CB3006214F7 /* Assets.xcassets */ = {isa = PBXFileReference; lastKnownFileType = folder.assetcatalog; path = Assets.xcassets; sourceTree = "<group>"; };
		3EA4ABCB24954CB3006214F7 /* Base */ = {isa = PBXFileReference; lastKnownFileType = file.storyboard; name = Base; path = Base.lproj/LaunchScreen.storyboard; sourceTree = "<group>"; };
		3EA4ABCD24954CB3006214F7 /* Info.plist */ = {isa = PBXFileReference; lastKnownFileType = text.plist.xml; path = Info.plist; sourceTree = "<group>"; };
		3EA4ABD724956F4C006214F7 /* FilmsViewController.swift */ = {isa = PBXFileReference; lastKnownFileType = sourcecode.swift; path = FilmsViewController.swift; sourceTree = "<group>"; };
		3EBF888A249BEBC2007C46B2 /* Film.swift */ = {isa = PBXFileReference; lastKnownFileType = sourcecode.swift; path = Film.swift; sourceTree = "<group>"; };
		3EBF888C249BF880007C46B2 /* DataManager.swift */ = {isa = PBXFileReference; lastKnownFileType = sourcecode.swift; path = DataManager.swift; sourceTree = "<group>"; };
		3EBF888E249BF89A007C46B2 /* MediaService.swift */ = {isa = PBXFileReference; lastKnownFileType = sourcecode.swift; path = MediaService.swift; sourceTree = "<group>"; };
		3EBF8890249BFA9D007C46B2 /* FilmCollectionViewCell.swift */ = {isa = PBXFileReference; lastKnownFileType = sourcecode.swift; path = FilmCollectionViewCell.swift; sourceTree = "<group>"; };
		3EBF8892249C003C007C46B2 /* FilmDetailViewController.swift */ = {isa = PBXFileReference; lastKnownFileType = sourcecode.swift; path = FilmDetailViewController.swift; sourceTree = "<group>"; };
		3EC8CEA424E67D760037F1E6 /* PopcornSwirlTests.xctest */ = {isa = PBXFileReference; explicitFileType = wrapper.cfbundle; includeInIndex = 0; path = PopcornSwirlTests.xctest; sourceTree = BUILT_PRODUCTS_DIR; };
		3EC8CEA824E67D760037F1E6 /* Info.plist */ = {isa = PBXFileReference; lastKnownFileType = text.plist.xml; path = Info.plist; sourceTree = "<group>"; };
		3EC8CEAE24E67DC90037F1E6 /* DataManagerTestCase.swift */ = {isa = PBXFileReference; lastKnownFileType = sourcecode.swift; path = DataManagerTestCase.swift; sourceTree = "<group>"; };
		3EE6AB99249D6BF10074F19C /* ListTableViewController.swift */ = {isa = PBXFileReference; lastKnownFileType = sourcecode.swift; path = ListTableViewController.swift; sourceTree = "<group>"; };
		3EE6AB9D24A0D4BE0074F19C /* ManagedFilm.swift */ = {isa = PBXFileReference; lastKnownFileType = sourcecode.swift; path = ManagedFilm.swift; sourceTree = "<group>"; };
		3EE6ABA424A3F7550074F19C /* BookmarkButton.swift */ = {isa = PBXFileReference; lastKnownFileType = sourcecode.swift; path = BookmarkButton.swift; sourceTree = "<group>"; };
		3EE6ABA624A3F75F0074F19C /* ViewedButton.swift */ = {isa = PBXFileReference; lastKnownFileType = sourcecode.swift; path = ViewedButton.swift; sourceTree = "<group>"; };
		3EE6ABA924A3FF090074F19C /* GenreCollectionViewCell.swift */ = {isa = PBXFileReference; lastKnownFileType = sourcecode.swift; path = GenreCollectionViewCell.swift; sourceTree = "<group>"; };
		3EE6ABAD24A538FF0074F19C /* AddNoteViewController.swift */ = {isa = PBXFileReference; fileEncoding = 4; lastKnownFileType = sourcecode.swift; path = AddNoteViewController.swift; sourceTree = "<group>"; };
		E2B41278CA5D2BA13D75DC99 /* Pods-PopcornSwirl.debug.xcconfig */ = {isa = PBXFileReference; includeInIndex = 1; lastKnownFileType = text.xcconfig; name = "Pods-PopcornSwirl.debug.xcconfig"; path = "Target Support Files/Pods-PopcornSwirl/Pods-PopcornSwirl.debug.xcconfig"; sourceTree = "<group>"; };
/* End PBXFileReference section */

/* Begin PBXFrameworksBuildPhase section */
		3EA4ABB624954CB0006214F7 /* Frameworks */ = {
			isa = PBXFrameworksBuildPhase;
			buildActionMask = 2147483647;
			files = (
				6D7D5E89D95CE41912290DDA /* Pods_PopcornSwirl.framework in Frameworks */,
			);
			runOnlyForDeploymentPostprocessing = 0;
		};
		3EC8CEA124E67D760037F1E6 /* Frameworks */ = {
			isa = PBXFrameworksBuildPhase;
			buildActionMask = 2147483647;
			files = (
			);
			runOnlyForDeploymentPostprocessing = 0;
		};
/* End PBXFrameworksBuildPhase section */

/* Begin PBXGroup section */
		3E586F7524CEEA2F00C2A083 /* Film Detail Cells */ = {
			isa = PBXGroup;
			children = (
				3E586F7624CEEA3F00C2A083 /* ImageTableViewCell.swift */,
				3E586F7824CEEA6500C2A083 /* SummaryTableViewCell.swift */,
				3E586F7E24CEFF1B00C2A083 /* NoteTableViewCell.swift */,
				3E57B5E924DFD4090020FCF7 /* RecommendedTableViewCell.swift */,
				3E586F7A24CEEA9000C2A083 /* RecommenedTableViewCell.swift */,
				3E586F7C24CEEABA00C2A083 /* AdvertTableViewCell.swift */,
			);
			name = "Film Detail Cells";
			sourceTree = "<group>";
		};
		3EA4ABB024954CB0006214F7 = {
			isa = PBXGroup;
			children = (
				3EA4ABBB24954CB0006214F7 /* PopcornSwirl */,
				3EC8CEA524E67D760037F1E6 /* PopcornSwirlTests */,
				3EA4ABBA24954CB0006214F7 /* Products */,
				83AC15A970F533214E50E8CC /* Pods */,
				97BA424D4BBFD4D4444D6421 /* Frameworks */,
			);
			sourceTree = "<group>";
		};
		3EA4ABBA24954CB0006214F7 /* Products */ = {
			isa = PBXGroup;
			children = (
				3EA4ABB924954CB0006214F7 /* Popcorn Swirl.app */,
				3EC8CEA424E67D760037F1E6 /* PopcornSwirlTests.xctest */,
			);
			name = Products;
			sourceTree = "<group>";
		};
		3EA4ABBB24954CB0006214F7 /* PopcornSwirl */ = {
			isa = PBXGroup;
			children = (
				3EA4ABD624956EFE006214F7 /* Supporting Files */,
				3EA4ABD324956ED8006214F7 /* Model */,
				3EA4ABD424956EEC006214F7 /* View */,
				3EA4ABD524956EF1006214F7 /* Controller */,
			);
			path = PopcornSwirl;
			sourceTree = "<group>";
		};
		3EA4ABD324956ED8006214F7 /* Model */ = {
			isa = PBXGroup;
			children = (
				3EA4ABC524954CB0006214F7 /* PopcornSwirl.xcdatamodeld */,
				3EBF888A249BEBC2007C46B2 /* Film.swift */,
				3EE6AB9D24A0D4BE0074F19C /* ManagedFilm.swift */,
			);
			path = Model;
			sourceTree = "<group>";
		};
		3EA4ABD424956EEC006214F7 /* View */ = {
			isa = PBXGroup;
			children = (
				3E586F7524CEEA2F00C2A083 /* Film Detail Cells */,
				3EE6ABA324A3F7150074F19C /* Buttons */,
				3EA4ABC224954CB0006214F7 /* Main.storyboard */,
				3EBF8890249BFA9D007C46B2 /* FilmCollectionViewCell.swift */,
				3E253D5024AE239D005376A2 /* ListTableViewCell.swift */,
				3EE6ABA924A3FF090074F19C /* GenreCollectionViewCell.swift */,
			);
			path = View;
			sourceTree = "<group>";
		};
		3EA4ABD524956EF1006214F7 /* Controller */ = {
			isa = PBXGroup;
			children = (
				3EE6ABAD24A538FF0074F19C /* AddNoteViewController.swift */,
				3EA4ABD724956F4C006214F7 /* FilmsViewController.swift */,
				3EBF8892249C003C007C46B2 /* FilmDetailViewController.swift */,
				3EE6AB99249D6BF10074F19C /* ListTableViewController.swift */,
				3EBF888E249BF89A007C46B2 /* MediaService.swift */,
				3EBF888C249BF880007C46B2 /* DataManager.swift */,
			);
			path = Controller;
			sourceTree = "<group>";
		};
		3EA4ABD624956EFE006214F7 /* Supporting Files */ = {
			isa = PBXGroup;
			children = (
				3EA4ABBC24954CB0006214F7 /* AppDelegate.swift */,
				3EA4ABBE24954CB0006214F7 /* SceneDelegate.swift */,
				3EA4ABC824954CB3006214F7 /* Assets.xcassets */,
				3EA4ABCA24954CB3006214F7 /* LaunchScreen.storyboard */,
				3EA4ABCD24954CB3006214F7 /* Info.plist */,
			);
			name = "Supporting Files";
			sourceTree = "<group>";
		};
		3EC8CEA524E67D760037F1E6 /* PopcornSwirlTests */ = {
			isa = PBXGroup;
			children = (
				3EC8CEA824E67D760037F1E6 /* Info.plist */,
				3EC8CEAE24E67DC90037F1E6 /* DataManagerTestCase.swift */,
			);
			path = PopcornSwirlTests;
			sourceTree = "<group>";
		};
		3EE6ABA324A3F7150074F19C /* Buttons */ = {
			isa = PBXGroup;
			children = (
				3EE6ABA424A3F7550074F19C /* BookmarkButton.swift */,
				3EE6ABA624A3F75F0074F19C /* ViewedButton.swift */,
				3E253D4E24ADF26D005376A2 /* NoteButton.swift */,
			);
			path = Buttons;
			sourceTree = "<group>";
		};
		83AC15A970F533214E50E8CC /* Pods */ = {
			isa = PBXGroup;
			children = (
				E2B41278CA5D2BA13D75DC99 /* Pods-PopcornSwirl.debug.xcconfig */,
				39FA29B18F437A38111741C1 /* Pods-PopcornSwirl.release.xcconfig */,
			);
			path = Pods;
			sourceTree = "<group>";
		};
		97BA424D4BBFD4D4444D6421 /* Frameworks */ = {
			isa = PBXGroup;
			children = (
				28C20516CE3083B6FBCB961A /* Pods_PopcornSwirl.framework */,
			);
			name = Frameworks;
			sourceTree = "<group>";
		};
/* End PBXGroup section */

/* Begin PBXNativeTarget section */
		3EA4ABB824954CB0006214F7 /* PopcornSwirl */ = {
			isa = PBXNativeTarget;
			buildConfigurationList = 3EA4ABD024954CB3006214F7 /* Build configuration list for PBXNativeTarget "PopcornSwirl" */;
			buildPhases = (
				5C828C33F449BD51C716DC73 /* [CP] Check Pods Manifest.lock */,
				3EA4ABB524954CB0006214F7 /* Sources */,
				3EA4ABB624954CB0006214F7 /* Frameworks */,
				3EA4ABB724954CB0006214F7 /* Resources */,
				DCFD23E05F5D4B5DDEB32C76 /* [CP] Embed Pods Frameworks */,
			);
			buildRules = (
			);
			dependencies = (
			);
			name = PopcornSwirl;
			productName = PopcornSwirl;
			productReference = 3EA4ABB924954CB0006214F7 /* Popcorn Swirl.app */;
			productType = "com.apple.product-type.application";
		};
		3EC8CEA324E67D760037F1E6 /* PopcornSwirlTests */ = {
			isa = PBXNativeTarget;
			buildConfigurationList = 3EC8CEAD24E67D760037F1E6 /* Build configuration list for PBXNativeTarget "PopcornSwirlTests" */;
			buildPhases = (
				3EC8CEA024E67D760037F1E6 /* Sources */,
				3EC8CEA124E67D760037F1E6 /* Frameworks */,
				3EC8CEA224E67D760037F1E6 /* Resources */,
			);
			buildRules = (
			);
			dependencies = (
				3EC8CEAA24E67D760037F1E6 /* PBXTargetDependency */,
			);
			name = PopcornSwirlTests;
			productName = PopcornSwirlTests;
			productReference = 3EC8CEA424E67D760037F1E6 /* PopcornSwirlTests.xctest */;
			productType = "com.apple.product-type.bundle.unit-test";
		};
/* End PBXNativeTarget section */

/* Begin PBXProject section */
		3EA4ABB124954CB0006214F7 /* Project object */ = {
			isa = PBXProject;
			attributes = {
				LastSwiftUpdateCheck = 1160;
				LastUpgradeCheck = 1150;
				ORGANIZATIONNAME = "Michael Gresham";
				TargetAttributes = {
					3EA4ABB824954CB0006214F7 = {
						CreatedOnToolsVersion = 11.5;
					};
					3EC8CEA324E67D760037F1E6 = {
						CreatedOnToolsVersion = 11.6;
						LastSwiftMigration = 1160;
						TestTargetID = 3EA4ABB824954CB0006214F7;
					};
				};
			};
			buildConfigurationList = 3EA4ABB424954CB0006214F7 /* Build configuration list for PBXProject "PopcornSwirl" */;
			compatibilityVersion = "Xcode 9.3";
			developmentRegion = en;
			hasScannedForEncodings = 0;
			knownRegions = (
				en,
				Base,
			);
			mainGroup = 3EA4ABB024954CB0006214F7;
			productRefGroup = 3EA4ABBA24954CB0006214F7 /* Products */;
			projectDirPath = "";
			projectRoot = "";
			targets = (
				3EA4ABB824954CB0006214F7 /* PopcornSwirl */,
				3EC8CEA324E67D760037F1E6 /* PopcornSwirlTests */,
			);
		};
/* End PBXProject section */

/* Begin PBXResourcesBuildPhase section */
		3EA4ABB724954CB0006214F7 /* Resources */ = {
			isa = PBXResourcesBuildPhase;
			buildActionMask = 2147483647;
			files = (
				3EA4ABCC24954CB3006214F7 /* LaunchScreen.storyboard in Resources */,
				3EA4ABC924954CB3006214F7 /* Assets.xcassets in Resources */,
				3EA4ABC424954CB0006214F7 /* Main.storyboard in Resources */,
			);
			runOnlyForDeploymentPostprocessing = 0;
		};
		3EC8CEA224E67D760037F1E6 /* Resources */ = {
			isa = PBXResourcesBuildPhase;
			buildActionMask = 2147483647;
			files = (
			);
			runOnlyForDeploymentPostprocessing = 0;
		};
/* End PBXResourcesBuildPhase section */

/* Begin PBXShellScriptBuildPhase section */
		5C828C33F449BD51C716DC73 /* [CP] Check Pods Manifest.lock */ = {
			isa = PBXShellScriptBuildPhase;
			buildActionMask = 2147483647;
			files = (
			);
			inputFileListPaths = (
			);
			inputPaths = (
				"${PODS_PODFILE_DIR_PATH}/Podfile.lock",
				"${PODS_ROOT}/Manifest.lock",
			);
			name = "[CP] Check Pods Manifest.lock";
			outputFileListPaths = (
			);
			outputPaths = (
				"$(DERIVED_FILE_DIR)/Pods-PopcornSwirl-checkManifestLockResult.txt",
			);
			runOnlyForDeploymentPostprocessing = 0;
			shellPath = /bin/sh;
			shellScript = "diff \"${PODS_PODFILE_DIR_PATH}/Podfile.lock\" \"${PODS_ROOT}/Manifest.lock\" > /dev/null\nif [ $? != 0 ] ; then\n    # print error to STDERR\n    echo \"error: The sandbox is not in sync with the Podfile.lock. Run 'pod install' or update your CocoaPods installation.\" >&2\n    exit 1\nfi\n# This output is used by Xcode 'outputs' to avoid re-running this script phase.\necho \"SUCCESS\" > \"${SCRIPT_OUTPUT_FILE_0}\"\n";
			showEnvVarsInLog = 0;
		};
		DCFD23E05F5D4B5DDEB32C76 /* [CP] Embed Pods Frameworks */ = {
			isa = PBXShellScriptBuildPhase;
			buildActionMask = 2147483647;
			files = (
			);
			inputFileListPaths = (
				"${PODS_ROOT}/Target Support Files/Pods-PopcornSwirl/Pods-PopcornSwirl-frameworks-${CONFIGURATION}-input-files.xcfilelist",
			);
			name = "[CP] Embed Pods Frameworks";
			outputFileListPaths = (
				"${PODS_ROOT}/Target Support Files/Pods-PopcornSwirl/Pods-PopcornSwirl-frameworks-${CONFIGURATION}-output-files.xcfilelist",
			);
			runOnlyForDeploymentPostprocessing = 0;
			shellPath = /bin/sh;
			shellScript = "\"${PODS_ROOT}/Target Support Files/Pods-PopcornSwirl/Pods-PopcornSwirl-frameworks.sh\"\n";
			showEnvVarsInLog = 0;
		};
/* End PBXShellScriptBuildPhase section */

/* Begin PBXSourcesBuildPhase section */
		3EA4ABB524954CB0006214F7 /* Sources */ = {
			isa = PBXSourcesBuildPhase;
			buildActionMask = 2147483647;
			files = (
				3EE6ABAA24A3FF090074F19C /* GenreCollectionViewCell.swift in Sources */,
				3EE6ABA724A3F75F0074F19C /* ViewedButton.swift in Sources */,
				3EA4ABBD24954CB0006214F7 /* AppDelegate.swift in Sources */,
				3EE6ABA524A3F7550074F19C /* BookmarkButton.swift in Sources */,
				3EBF888D249BF880007C46B2 /* DataManager.swift in Sources */,
				3EBF888F249BF89A007C46B2 /* MediaService.swift in Sources */,
				3E586F7B24CEEA9000C2A083 /* RecommenedTableViewCell.swift in Sources */,
				3EBF8893249C003C007C46B2 /* FilmDetailViewController.swift in Sources */,
				3E586F7924CEEA6500C2A083 /* SummaryTableViewCell.swift in Sources */,
				3E253D4F24ADF26D005376A2 /* NoteButton.swift in Sources */,
				3E253D5124AE239D005376A2 /* ListTableViewCell.swift in Sources */,
				3E586F7F24CEFF1B00C2A083 /* NoteTableViewCell.swift in Sources */,
				3EA4ABBF24954CB0006214F7 /* SceneDelegate.swift in Sources */,
				3E586F7D24CEEABA00C2A083 /* AdvertTableViewCell.swift in Sources */,
				3EE6AB9E24A0D4BE0074F19C /* ManagedFilm.swift in Sources */,
				3EA4ABD824956F4C006214F7 /* FilmsViewController.swift in Sources */,
				3EE6ABAE24A538FF0074F19C /* AddNoteViewController.swift in Sources */,
				3EA4ABC724954CB0006214F7 /* PopcornSwirl.xcdatamodeld in Sources */,
				3EE6AB9A249D6BF10074F19C /* ListTableViewController.swift in Sources */,
				3E586F7724CEEA3F00C2A083 /* ImageTableViewCell.swift in Sources */,
				3E57B5EA24DFD4090020FCF7 /* RecommendedTableViewCell.swift in Sources */,
				3EBF8891249BFA9D007C46B2 /* FilmCollectionViewCell.swift in Sources */,
				3EBF888B249BEBC2007C46B2 /* Film.swift in Sources */,
			);
			runOnlyForDeploymentPostprocessing = 0;
		};
		3EC8CEA024E67D760037F1E6 /* Sources */ = {
			isa = PBXSourcesBuildPhase;
			buildActionMask = 2147483647;
			files = (
				3EC8CEAF24E67DC90037F1E6 /* DataManagerTestCase.swift in Sources */,
			);
			runOnlyForDeploymentPostprocessing = 0;
		};
/* End PBXSourcesBuildPhase section */

/* Begin PBXTargetDependency section */
		3EC8CEAA24E67D760037F1E6 /* PBXTargetDependency */ = {
			isa = PBXTargetDependency;
			target = 3EA4ABB824954CB0006214F7 /* PopcornSwirl */;
			targetProxy = 3EC8CEA924E67D760037F1E6 /* PBXContainerItemProxy */;
		};
/* End PBXTargetDependency section */

/* Begin PBXVariantGroup section */
		3EA4ABC224954CB0006214F7 /* Main.storyboard */ = {
			isa = PBXVariantGroup;
			children = (
				3EA4ABC324954CB0006214F7 /* Base */,
			);
			name = Main.storyboard;
			sourceTree = "<group>";
		};
		3EA4ABCA24954CB3006214F7 /* LaunchScreen.storyboard */ = {
			isa = PBXVariantGroup;
			children = (
				3EA4ABCB24954CB3006214F7 /* Base */,
			);
			name = LaunchScreen.storyboard;
			sourceTree = "<group>";
		};
/* End PBXVariantGroup section */

/* Begin XCBuildConfiguration section */
		3EA4ABCE24954CB3006214F7 /* Debug */ = {
			isa = XCBuildConfiguration;
			buildSettings = {
				ALWAYS_SEARCH_USER_PATHS = NO;
				CLANG_ANALYZER_NONNULL = YES;
				CLANG_ANALYZER_NUMBER_OBJECT_CONVERSION = YES_AGGRESSIVE;
				CLANG_CXX_LANGUAGE_STANDARD = "gnu++14";
				CLANG_CXX_LIBRARY = "libc++";
				CLANG_ENABLE_MODULES = YES;
				CLANG_ENABLE_OBJC_ARC = YES;
				CLANG_ENABLE_OBJC_WEAK = YES;
				CLANG_WARN_BLOCK_CAPTURE_AUTORELEASING = YES;
				CLANG_WARN_BOOL_CONVERSION = YES;
				CLANG_WARN_COMMA = YES;
				CLANG_WARN_CONSTANT_CONVERSION = YES;
				CLANG_WARN_DEPRECATED_OBJC_IMPLEMENTATIONS = YES;
				CLANG_WARN_DIRECT_OBJC_ISA_USAGE = YES_ERROR;
				CLANG_WARN_DOCUMENTATION_COMMENTS = YES;
				CLANG_WARN_EMPTY_BODY = YES;
				CLANG_WARN_ENUM_CONVERSION = YES;
				CLANG_WARN_INFINITE_RECURSION = YES;
				CLANG_WARN_INT_CONVERSION = YES;
				CLANG_WARN_NON_LITERAL_NULL_CONVERSION = YES;
				CLANG_WARN_OBJC_IMPLICIT_RETAIN_SELF = YES;
				CLANG_WARN_OBJC_LITERAL_CONVERSION = YES;
				CLANG_WARN_OBJC_ROOT_CLASS = YES_ERROR;
				CLANG_WARN_RANGE_LOOP_ANALYSIS = YES;
				CLANG_WARN_STRICT_PROTOTYPES = YES;
				CLANG_WARN_SUSPICIOUS_MOVE = YES;
				CLANG_WARN_UNGUARDED_AVAILABILITY = YES_AGGRESSIVE;
				CLANG_WARN_UNREACHABLE_CODE = YES;
				CLANG_WARN__DUPLICATE_METHOD_MATCH = YES;
				COPY_PHASE_STRIP = NO;
				DEBUG_INFORMATION_FORMAT = dwarf;
				ENABLE_STRICT_OBJC_MSGSEND = YES;
				ENABLE_TESTABILITY = YES;
				GCC_C_LANGUAGE_STANDARD = gnu11;
				GCC_DYNAMIC_NO_PIC = NO;
				GCC_NO_COMMON_BLOCKS = YES;
				GCC_OPTIMIZATION_LEVEL = 0;
				GCC_PREPROCESSOR_DEFINITIONS = (
					"DEBUG=1",
					"$(inherited)",
				);
				GCC_WARN_64_TO_32_BIT_CONVERSION = YES;
				GCC_WARN_ABOUT_RETURN_TYPE = YES_ERROR;
				GCC_WARN_UNDECLARED_SELECTOR = YES;
				GCC_WARN_UNINITIALIZED_AUTOS = YES_AGGRESSIVE;
				GCC_WARN_UNUSED_FUNCTION = YES;
				GCC_WARN_UNUSED_VARIABLE = YES;
				IPHONEOS_DEPLOYMENT_TARGET = 13.5;
				MTL_ENABLE_DEBUG_INFO = INCLUDE_SOURCE;
				MTL_FAST_MATH = YES;
				ONLY_ACTIVE_ARCH = YES;
				SDKROOT = iphoneos;
				SWIFT_ACTIVE_COMPILATION_CONDITIONS = DEBUG;
				SWIFT_OPTIMIZATION_LEVEL = "-Onone";
			};
			name = Debug;
		};
		3EA4ABCF24954CB3006214F7 /* Release */ = {
			isa = XCBuildConfiguration;
			buildSettings = {
				ALWAYS_SEARCH_USER_PATHS = NO;
				CLANG_ANALYZER_NONNULL = YES;
				CLANG_ANALYZER_NUMBER_OBJECT_CONVERSION = YES_AGGRESSIVE;
				CLANG_CXX_LANGUAGE_STANDARD = "gnu++14";
				CLANG_CXX_LIBRARY = "libc++";
				CLANG_ENABLE_MODULES = YES;
				CLANG_ENABLE_OBJC_ARC = YES;
				CLANG_ENABLE_OBJC_WEAK = YES;
				CLANG_WARN_BLOCK_CAPTURE_AUTORELEASING = YES;
				CLANG_WARN_BOOL_CONVERSION = YES;
				CLANG_WARN_COMMA = YES;
				CLANG_WARN_CONSTANT_CONVERSION = YES;
				CLANG_WARN_DEPRECATED_OBJC_IMPLEMENTATIONS = YES;
				CLANG_WARN_DIRECT_OBJC_ISA_USAGE = YES_ERROR;
				CLANG_WARN_DOCUMENTATION_COMMENTS = YES;
				CLANG_WARN_EMPTY_BODY = YES;
				CLANG_WARN_ENUM_CONVERSION = YES;
				CLANG_WARN_INFINITE_RECURSION = YES;
				CLANG_WARN_INT_CONVERSION = YES;
				CLANG_WARN_NON_LITERAL_NULL_CONVERSION = YES;
				CLANG_WARN_OBJC_IMPLICIT_RETAIN_SELF = YES;
				CLANG_WARN_OBJC_LITERAL_CONVERSION = YES;
				CLANG_WARN_OBJC_ROOT_CLASS = YES_ERROR;
				CLANG_WARN_RANGE_LOOP_ANALYSIS = YES;
				CLANG_WARN_STRICT_PROTOTYPES = YES;
				CLANG_WARN_SUSPICIOUS_MOVE = YES;
				CLANG_WARN_UNGUARDED_AVAILABILITY = YES_AGGRESSIVE;
				CLANG_WARN_UNREACHABLE_CODE = YES;
				CLANG_WARN__DUPLICATE_METHOD_MATCH = YES;
				COPY_PHASE_STRIP = NO;
				DEBUG_INFORMATION_FORMAT = "dwarf-with-dsym";
				ENABLE_NS_ASSERTIONS = NO;
				ENABLE_STRICT_OBJC_MSGSEND = YES;
				GCC_C_LANGUAGE_STANDARD = gnu11;
				GCC_NO_COMMON_BLOCKS = YES;
				GCC_WARN_64_TO_32_BIT_CONVERSION = YES;
				GCC_WARN_ABOUT_RETURN_TYPE = YES_ERROR;
				GCC_WARN_UNDECLARED_SELECTOR = YES;
				GCC_WARN_UNINITIALIZED_AUTOS = YES_AGGRESSIVE;
				GCC_WARN_UNUSED_FUNCTION = YES;
				GCC_WARN_UNUSED_VARIABLE = YES;
				IPHONEOS_DEPLOYMENT_TARGET = 13.5;
				MTL_ENABLE_DEBUG_INFO = NO;
				MTL_FAST_MATH = YES;
				SDKROOT = iphoneos;
				SWIFT_COMPILATION_MODE = wholemodule;
				SWIFT_OPTIMIZATION_LEVEL = "-O";
				VALIDATE_PRODUCT = YES;
			};
			name = Release;
		};
		3EA4ABD124954CB3006214F7 /* Debug */ = {
			isa = XCBuildConfiguration;
			baseConfigurationReference = E2B41278CA5D2BA13D75DC99 /* Pods-PopcornSwirl.debug.xcconfig */;
			buildSettings = {
				ASSETCATALOG_COMPILER_APPICON_NAME = AppIcon;
				CODE_SIGN_STYLE = Automatic;
				DEVELOPMENT_TEAM = T7FS576T2W;
				INFOPLIST_FILE = PopcornSwirl/Info.plist;
				LD_RUNPATH_SEARCH_PATHS = (
					"$(inherited)",
					"@executable_path/Frameworks",
				);
				PRODUCT_BUNDLE_IDENTIFIER = com.mikegresham.PopcornSwirl;
				PRODUCT_NAME = "Popcorn Swirl";
				SWIFT_VERSION = 5.0;
				TARGETED_DEVICE_FAMILY = "1,2";
			};
			name = Debug;
		};
		3EA4ABD224954CB3006214F7 /* Release */ = {
			isa = XCBuildConfiguration;
			baseConfigurationReference = 39FA29B18F437A38111741C1 /* Pods-PopcornSwirl.release.xcconfig */;
			buildSettings = {
				ASSETCATALOG_COMPILER_APPICON_NAME = AppIcon;
				CODE_SIGN_STYLE = Automatic;
				DEVELOPMENT_TEAM = T7FS576T2W;
				INFOPLIST_FILE = PopcornSwirl/Info.plist;
				LD_RUNPATH_SEARCH_PATHS = (
					"$(inherited)",
					"@executable_path/Frameworks",
				);
				PRODUCT_BUNDLE_IDENTIFIER = com.mikegresham.PopcornSwirl;
				PRODUCT_NAME = "Popcorn Swirl";
				SWIFT_VERSION = 5.0;
				TARGETED_DEVICE_FAMILY = "1,2";
			};
			name = Release;
		};
		3EC8CEAB24E67D760037F1E6 /* Debug */ = {
			isa = XCBuildConfiguration;
			buildSettings = {
				BUNDLE_LOADER = "$(TEST_HOST)";
				CLANG_ENABLE_MODULES = YES;
				CODE_SIGN_STYLE = Automatic;
				DEVELOPMENT_TEAM = T7FS576T2W;
				INFOPLIST_FILE = PopcornSwirlTests/Info.plist;
				IPHONEOS_DEPLOYMENT_TARGET = 13.6;
				LD_RUNPATH_SEARCH_PATHS = (
					"$(inherited)",
					"@executable_path/Frameworks",
					"@loader_path/Frameworks",
				);
				PRODUCT_BUNDLE_IDENTIFIER = com.michaelgresham.PopcornSwirlTests;
				PRODUCT_NAME = "$(TARGET_NAME)";
				SWIFT_OPTIMIZATION_LEVEL = "-Onone";
				SWIFT_VERSION = 5.0;
				TARGETED_DEVICE_FAMILY = "1,2";
				TEST_HOST = "$(BUILT_PRODUCTS_DIR)/Popcorn Swirl.app/Popcorn Swirl";
			};
			name = Debug;
		};
		3EC8CEAC24E67D760037F1E6 /* Release */ = {
			isa = XCBuildConfiguration;
			buildSettings = {
				BUNDLE_LOADER = "$(TEST_HOST)";
				CLANG_ENABLE_MODULES = YES;
				CODE_SIGN_STYLE = Automatic;
				DEVELOPMENT_TEAM = T7FS576T2W;
				INFOPLIST_FILE = PopcornSwirlTests/Info.plist;
				IPHONEOS_DEPLOYMENT_TARGET = 13.6;
				LD_RUNPATH_SEARCH_PATHS = (
					"$(inherited)",
					"@executable_path/Frameworks",
					"@loader_path/Frameworks",
				);
				PRODUCT_BUNDLE_IDENTIFIER = com.michaelgresham.PopcornSwirlTests;
				PRODUCT_NAME = "$(TARGET_NAME)";
				SWIFT_VERSION = 5.0;
				TARGETED_DEVICE_FAMILY = "1,2";
				TEST_HOST = "$(BUILT_PRODUCTS_DIR)/Popcorn Swirl.app/Popcorn Swirl";
			};
			name = Release;
		};
/* End XCBuildConfiguration section */

/* Begin XCConfigurationList section */
		3EA4ABB424954CB0006214F7 /* Build configuration list for PBXProject "PopcornSwirl" */ = {
			isa = XCConfigurationList;
			buildConfigurations = (
				3EA4ABCE24954CB3006214F7 /* Debug */,
				3EA4ABCF24954CB3006214F7 /* Release */,
			);
			defaultConfigurationIsVisible = 0;
			defaultConfigurationName = Release;
		};
		3EA4ABD024954CB3006214F7 /* Build configuration list for PBXNativeTarget "PopcornSwirl" */ = {
			isa = XCConfigurationList;
			buildConfigurations = (
				3EA4ABD124954CB3006214F7 /* Debug */,
				3EA4ABD224954CB3006214F7 /* Release */,
			);
			defaultConfigurationIsVisible = 0;
			defaultConfigurationName = Release;
		};
		3EC8CEAD24E67D760037F1E6 /* Build configuration list for PBXNativeTarget "PopcornSwirlTests" */ = {
			isa = XCConfigurationList;
			buildConfigurations = (
				3EC8CEAB24E67D760037F1E6 /* Debug */,
				3EC8CEAC24E67D760037F1E6 /* Release */,
			);
			defaultConfigurationIsVisible = 0;
			defaultConfigurationName = Release;
		};
/* End XCConfigurationList section */

/* Begin XCVersionGroup section */
		3EA4ABC524954CB0006214F7 /* PopcornSwirl.xcdatamodeld */ = {
			isa = XCVersionGroup;
			children = (
				3EA4ABC624954CB0006214F7 /* PopcornSwirl.xcdatamodel */,
			);
			currentVersion = 3EA4ABC624954CB0006214F7 /* PopcornSwirl.xcdatamodel */;
			path = PopcornSwirl.xcdatamodeld;
			sourceTree = "<group>";
			versionGroupType = wrapper.xcdatamodel;
		};
/* End XCVersionGroup section */
	};
	rootObject = 3EA4ABB124954CB0006214F7 /* Project object */;
}
